
Microsoft Visual Studio Solution File, Format Version 12.00
# Visual Studio 15
VisualStudioVersion = 15.0.28307.489
MinimumVisualStudioVersion = 10.0.40219.1
Project("{FAE04EC0-301F-11D3-BF4B-00C04F79EFBC}") = "TDD", "TDD\TDD.csproj", "{BE1A371F-0E99-4994-B4A4-B7C02E211A19}"
EndProject
Project("{FAE04EC0-301F-11D3-BF4B-00C04F79EFBC}") = "TDD.Tests", "TDD.Tests\TDD.Tests.csproj", "{75B0835E-6BE9-4E27-806A-3275C3B5990A}"
EndProject
Project("{FAE04EC0-301F-11D3-BF4B-00C04F79EFBC}") = "TDD.Exceptions", "TDD.Exceptions\TDD.Exceptions.csproj", "{B1930A71-10AC-4136-B374-476CDC0A77A1}"
EndProject
Global
	GlobalSection(SolutionConfigurationPlatforms) = preSolution
		Debug|Any CPU = Debug|Any CPU
		Release|Any CPU = Release|Any CPU
	EndGlobalSection
	GlobalSection(ProjectConfigurationPlatforms) = postSolution
		{BE1A371F-0E99-4994-B4A4-B7C02E211A19}.Debug|Any CPU.ActiveCfg = Debug|Any CPU
		{BE1A371F-0E99-4994-B4A4-B7C02E211A19}.Debug|Any CPU.Build.0 = Debug|Any CPU
		{BE1A371F-0E99-4994-B4A4-B7C02E211A19}.Release|Any CPU.ActiveCfg = Release|Any CPU
		{BE1A371F-0E99-4994-B4A4-B7C02E211A19}.Release|Any CPU.Build.0 = Release|Any CPU
		{75B0835E-6BE9-4E27-806A-3275C3B5990A}.Debug|Any CPU.ActiveCfg = Debug|Any CPU
		{75B0835E-6BE9-4E27-806A-3275C3B5990A}.Debug|Any CPU.Build.0 = Debug|Any CPU
		{75B0835E-6BE9-4E27-806A-3275C3B5990A}.Release|Any CPU.ActiveCfg = Release|Any CPU
		{75B0835E-6BE9-4E27-806A-3275C3B5990A}.Release|Any CPU.Build.0 = Release|Any CPU
		{B1930A71-10AC-4136-B374-476CDC0A77A1}.Debug|Any CPU.ActiveCfg = Debug|Any CPU
		{B1930A71-10AC-4136-B374-476CDC0A77A1}.Debug|Any CPU.Build.0 = Debug|Any CPU
		{B1930A71-10AC-4136-B374-476CDC0A77A1}.Release|Any CPU.ActiveCfg = Release|Any CPU
		{B1930A71-10AC-4136-B374-476CDC0A77A1}.Release|Any CPU.Build.0 = Release|Any CPU
	EndGlobalSection
	GlobalSection(SolutionProperties) = preSolution
		HideSolutionNode = FALSE
	EndGlobalSection
	GlobalSection(ExtensibilityGlobals) = postSolution
		SolutionGuid = {D76791E8-E6FC-476A-8D42-70466337D701}
	EndGlobalSection
EndGlobal
